
Microsoft Visual Studio Solution File, Format Version 12.00
# Visual Studio Version 17
VisualStudioVersion = 17.0.31612.314
MinimumVisualStudioVersion = 10.0.40219.1
Project("{9A19103F-16F7-4668-BE54-9A1E7A4F7556}") = "HackerNews-Maui", "HackerNews-Maui\HackerNews-Maui.csproj", "{B64081E3-ACE6-4425-B47D-BA41E1C14891}"
EndProject
Project("{9A19103F-16F7-4668-BE54-9A1E7A4F7556}") = "HackerNews-Maui.WinUI", "HackerNews-Maui.WinUI\HackerNews-Maui.WinUI.csproj", "{0B91650D-D84D-48DE-9CF2-B6CE0CC8C9D5}"
EndProject
Global
	GlobalSection(SolutionConfigurationPlatforms) = preSolution
		Debug|Any CPU = Debug|Any CPU
		Release|Any CPU = Release|Any CPU
	EndGlobalSection
	GlobalSection(ProjectConfigurationPlatforms) = postSolution
		{B64081E3-ACE6-4425-B47D-BA41E1C14891}.Debug|Any CPU.ActiveCfg = Debug|Any CPU
		{B64081E3-ACE6-4425-B47D-BA41E1C14891}.Debug|Any CPU.Build.0 = Debug|Any CPU
		{B64081E3-ACE6-4425-B47D-BA41E1C14891}.Debug|Any CPU.Deploy.0 = Debug|Any CPU
		{B64081E3-ACE6-4425-B47D-BA41E1C14891}.Release|Any CPU.ActiveCfg = Release|Any CPU
		{B64081E3-ACE6-4425-B47D-BA41E1C14891}.Release|Any CPU.Build.0 = Release|Any CPU
		{B64081E3-ACE6-4425-B47D-BA41E1C14891}.Release|Any CPU.Deploy.0 = Release|Any CPU
		{0B91650D-D84D-48DE-9CF2-B6CE0CC8C9D5}.Debug|Any CPU.ActiveCfg = Debug|Any CPU
		{0B91650D-D84D-48DE-9CF2-B6CE0CC8C9D5}.Debug|Any CPU.Build.0 = Debug|Any CPU
		{0B91650D-D84D-48DE-9CF2-B6CE0CC8C9D5}.Debug|Any CPU.Deploy.0 = Debug|Any CPU
		{0B91650D-D84D-48DE-9CF2-B6CE0CC8C9D5}.Release|Any CPU.ActiveCfg = Release|Any CPU
		{0B91650D-D84D-48DE-9CF2-B6CE0CC8C9D5}.Release|Any CPU.Build.0 = Release|Any CPU
		{0B91650D-D84D-48DE-9CF2-B6CE0CC8C9D5}.Release|Any CPU.Deploy.0 = Release|Any CPU
	EndGlobalSection
	GlobalSection(SolutionProperties) = preSolution
		HideSolutionNode = FALSE
	EndGlobalSection
	GlobalSection(ExtensibilityGlobals) = postSolution
		SolutionGuid = {61F7FB11-1E47-470C-91E2-47F8143E1572}
	EndGlobalSection
EndGlobal
